github.com/hablullah/go-juliandays v1.0.1-0.20220316153050-f56193695a5b h1:Qp6WC5idnPxaUQpX50s+1jrrjIqaCSuCu2BkQgGx/tQ=
github.com/hablullah/go-juliandays v1.0.1-0.20220316153050-f56193695a5b/go.mod h1:0JOYq4oFOuDja+oospuc61YoX+uNEn7Z6uHYTbBzdGc=
github.com/hablullah/go-prayer v1.1.1 h1:pxIj6mJPSBNe2w3G1XUgkGTRXyGzRkwRUkLAjU1b6os=
github.com/hablullah/go-prayer v1.1.1/go.mod h1:SIKN4PmnPu/jbvTM/9mepX19FyWvLRcFPyvKfMDsyYw=
github.com/hablullah/go-sampa v1.0.0 h1:8SiiPC7LktYsBYkoitGGPRL416TDXjkECRZsAkUbgy4=
github.com/hablullah/go-sampa v1.0.0/go.mod h1:NgDnpqL95HgRPkal510TVk7tI6+aLwO3wJgoj0dQ4Pc=
